PODS:
  - Bolts (1.8.4):
    - Bolts/AppLinks (= 1.8.4)
    - Bolts/Tasks (= 1.8.4)
  - Bolts/AppLinks (1.8.4):
    - Bolts/Tasks
  - Bolts/Tasks (1.8.4)
  - FBSDKCoreKit (4.20.1):
    - Bolts (~> 1.7)
  - FBSDKLoginKit (4.20.1):
    - FBSDKCoreKit
  - FBSDKShareKit (4.20.1):
    - FBSDKCoreKit
  - FBSnapshotTestCase (2.1.4):
    - FBSnapshotTestCase/SwiftSupport (= 2.1.4)
  - FBSnapshotTestCase/Core (2.1.4)
  - FBSnapshotTestCase/SwiftSupport (2.1.4):
    - FBSnapshotTestCase/Core
  - IAPHelper (1.1)
  - MOE (0.1.0):
    - FBSDKCoreKit (~> 4.4)
    - FBSDKLoginKit (~> 4.4)
    - FBSDKShareKit (~> 4.4)
    - IAPHelper (~> 1.1)

DEPENDENCIES:
  - FBSnapshotTestCase
  - MOE (from `../`)

EXTERNAL SOURCES:
  MOE:
    :path: "../"

SPEC CHECKSUMS:
  Bolts: 8a7995239dbe724f9cba2248b766d48b7ebdd322
  FBSDKCoreKit: 39a3569652983bf8666620dd334804c9057ae9b2
  FBSDKLoginKit: 17092ff61a18c54ca423aebc18c5acc2e5a4a728
  FBSDKShareKit: 4f37934d9ee9500d2d35752595816dc35f967478
  FBSnapshotTestCase: 094f9f314decbabe373b87cc339bea235a63e07a
  IAPHelper: fd74f53b0ac142eed085777b88b86a11746a2dd4
  MOE: 5785c6288837f58fa28446eba0adb11e35526e5f

PODFILE CHECKSUM: 2a427297de95fb60b1d49cee4fdf440109c19f7c

COCOAPODS: 1.1.1
